
Microsoft Visual Studio Solution File, Format Version 12.00
# Visual Studio Version 17
VisualStudioVersion = 17.11.35327.3
MinimumVisualStudioVersion = 10.0.40219.1
Project("{2150E333-8FDC-42A3-9474-1A3956D46DE8}") = "Services", "Services", "{2E0C5A47-5843-417D-BA8A-5A37A0B52CE2}"
EndProject
Project("{2150E333-8FDC-42A3-9474-1A3956D46DE8}") = "Catalog", "Catalog", "{860B79E2-5BCB-4D9E-A7AB-EA87779DC6DF}"
EndProject
Project("{FAE04EC0-301F-11D3-BF4B-00C04F79EFBC}") = "CatalogApi", "Services\Catalog\CatalogApi\CatalogApi.csproj", "{17F668B4-A103-4C77-8F40-C66314A18B7F}"
EndProject
Global
	GlobalSection(SolutionConfigurationPlatforms) = preSolution
		Debug|Any CPU = Debug|Any CPU
		Release|Any CPU = Release|Any CPU
	EndGlobalSection
	GlobalSection(ProjectConfigurationPlatforms) = postSolution
		{17F668B4-A103-4C77-8F40-C66314A18B7F}.Debug|Any CPU.ActiveCfg = Debug|Any CPU
		{17F668B4-A103-4C77-8F40-C66314A18B7F}.Debug|Any CPU.Build.0 = Debug|Any CPU
		{17F668B4-A103-4C77-8F40-C66314A18B7F}.Release|Any CPU.ActiveCfg = Release|Any CPU
		{17F668B4-A103-4C77-8F40-C66314A18B7F}.Release|Any CPU.Build.0 = Release|Any CPU
	EndGlobalSection
	GlobalSection(SolutionProperties) = preSolution
		HideSolutionNode = FALSE
	EndGlobalSection
	GlobalSection(NestedProjects) = preSolution
		{860B79E2-5BCB-4D9E-A7AB-EA87779DC6DF} = {2E0C5A47-5843-417D-BA8A-5A37A0B52CE2}
		{17F668B4-A103-4C77-8F40-C66314A18B7F} = {860B79E2-5BCB-4D9E-A7AB-EA87779DC6DF}
	EndGlobalSection
	GlobalSection(ExtensibilityGlobals) = postSolution
		SolutionGuid = {95F63A26-D609-4399-ADBC-D1225243FD97}
	EndGlobalSection
EndGlobal
